
Microsoft Visual Studio Solution File, Format Version 12.00
# Visual Studio Version 17
VisualStudioVersion = 17.11.35312.102
MinimumVisualStudioVersion = 10.0.40219.1
Project("{FAE04EC0-301F-11D3-BF4B-00C04F79EFBC}") = "EAZISLab1", "EAZISLab1.csproj", "{95D94DCD-4638-4AF5-AD86-1FC3F35EB86A}"
EndProject
Global
	GlobalSection(SolutionConfigurationPlatforms) = preSolution
		Debug|Any CPU = Debug|Any CPU
		Release|Any CPU = Release|Any CPU
	EndGlobalSection
	GlobalSection(ProjectConfigurationPlatforms) = postSolution
		{95D94DCD-4638-4AF5-AD86-1FC3F35EB86A}.Debug|Any CPU.ActiveCfg = Debug|Any CPU
		{95D94DCD-4638-4AF5-AD86-1FC3F35EB86A}.Debug|Any CPU.Build.0 = Debug|Any CPU
		{95D94DCD-4638-4AF5-AD86-1FC3F35EB86A}.Release|Any CPU.ActiveCfg = Release|Any CPU
		{95D94DCD-4638-4AF5-AD86-1FC3F35EB86A}.Release|Any CPU.Build.0 = Release|Any CPU
	EndGlobalSection
	GlobalSection(SolutionProperties) = preSolution
		HideSolutionNode = FALSE
	EndGlobalSection
	GlobalSection(ExtensibilityGlobals) = postSolution
		SolutionGuid = {EF1C2A5A-92EB-4A35-8CF8-D780211E63B1}
	EndGlobalSection
EndGlobal
